
Microsoft Visual Studio Solution File, Format Version 12.00
# Visual Studio Version 16
VisualStudioVersion = 16.0.29911.84
MinimumVisualStudioVersion = 10.0.40219.1
Project("{FAE04EC0-301F-11D3-BF4B-00C04F79EFBC}") = "NetMonitor", "NetMonitor\NetMonitor.csproj", "{54249AB7-A6FE-4BB0-981F-8416909527AB}"
EndProject
Global
	GlobalSection(SolutionConfigurationPlatforms) = preSolution
		Debug|Any CPU = Debug|Any CPU
		Release|Any CPU = Release|Any CPU
	EndGlobalSection
	GlobalSection(ProjectConfigurationPlatforms) = postSolution
		{54249AB7-A6FE-4BB0-981F-8416909527AB}.Debug|Any CPU.ActiveCfg = Debug|Any CPU
		{54249AB7-A6FE-4BB0-981F-8416909527AB}.Debug|Any CPU.Build.0 = Debug|Any CPU
		{54249AB7-A6FE-4BB0-981F-8416909527AB}.Release|Any CPU.ActiveCfg = Release|Any CPU
		{54249AB7-A6FE-4BB0-981F-8416909527AB}.Release|Any CPU.Build.0 = Release|Any CPU
	EndGlobalSection
	GlobalSection(SolutionProperties) = preSolution
		HideSolutionNode = FALSE
	EndGlobalSection
	GlobalSection(ExtensibilityGlobals) = postSolution
		SolutionGuid = {B42500CA-AE61-4971-9657-59D24F1AD6AE}
	EndGlobalSection
EndGlobal
